
Microsoft Visual Studio Solution File, Format Version 12.00
# Visual Studio 15
VisualStudioVersion = 15.0.28010.2046
MinimumVisualStudioVersion = 10.0.40219.1
Project("{FAE04EC0-301F-11D3-BF4B-00C04F79EFBC}") = "project_part_1", "project_part_1\project_part_1.csproj", "{8FC0E26A-E941-4FC5-9854-46D2520028CC}"
EndProject
Project("{FAE04EC0-301F-11D3-BF4B-00C04F79EFBC}") = "BE", "BE\BE.csproj", "{054A0E1E-43F9-426D-B3FF-49A6BAC530FA}"
EndProject
Project("{FAE04EC0-301F-11D3-BF4B-00C04F79EFBC}") = "DAL", "DAL\DAL.csproj", "{FF6691C2-B058-472D-8FF2-8AD4370A1A1E}"
EndProject
Project("{FAE04EC0-301F-11D3-BF4B-00C04F79EFBC}") = "BL", "BL\BL.csproj", "{DE146C92-11BC-40A3-AB0D-79C27B5CA35C}"
EndProject
Project("{FAE04EC0-301F-11D3-BF4B-00C04F79EFBC}") = "PL", "PL\PL.csproj", "{1DFD0303-D4AC-42E5-A706-084CE3F668F7}"
EndProject
Project("{FAE04EC0-301F-11D3-BF4B-00C04F79EFBC}") = "DS", "DS\DS.csproj", "{4444114D-3B92-4919-8A4A-58DFB004F473}"
EndProject
Global
	GlobalSection(SolutionConfigurationPlatforms) = preSolution
		Debug|Any CPU = Debug|Any CPU
		Release|Any CPU = Release|Any CPU
	EndGlobalSection
	GlobalSection(ProjectConfigurationPlatforms) = postSolution
		{8FC0E26A-E941-4FC5-9854-46D2520028CC}.Debug|Any CPU.ActiveCfg = Debug|Any CPU
		{8FC0E26A-E941-4FC5-9854-46D2520028CC}.Debug|Any CPU.Build.0 = Debug|Any CPU
		{8FC0E26A-E941-4FC5-9854-46D2520028CC}.Release|Any CPU.ActiveCfg = Release|Any CPU
		{8FC0E26A-E941-4FC5-9854-46D2520028CC}.Release|Any CPU.Build.0 = Release|Any CPU
		{054A0E1E-43F9-426D-B3FF-49A6BAC530FA}.Debug|Any CPU.ActiveCfg = Debug|Any CPU
		{054A0E1E-43F9-426D-B3FF-49A6BAC530FA}.Debug|Any CPU.Build.0 = Debug|Any CPU
		{054A0E1E-43F9-426D-B3FF-49A6BAC530FA}.Release|Any CPU.ActiveCfg = Release|Any CPU
		{054A0E1E-43F9-426D-B3FF-49A6BAC530FA}.Release|Any CPU.Build.0 = Release|Any CPU
		{FF6691C2-B058-472D-8FF2-8AD4370A1A1E}.Debug|Any CPU.ActiveCfg = Debug|Any CPU
		{FF6691C2-B058-472D-8FF2-8AD4370A1A1E}.Debug|Any CPU.Build.0 = Debug|Any CPU
		{FF6691C2-B058-472D-8FF2-8AD4370A1A1E}.Release|Any CPU.ActiveCfg = Release|Any CPU
		{FF6691C2-B058-472D-8FF2-8AD4370A1A1E}.Release|Any CPU.Build.0 = Release|Any CPU
		{DE146C92-11BC-40A3-AB0D-79C27B5CA35C}.Debug|Any CPU.ActiveCfg = Debug|Any CPU
		{DE146C92-11BC-40A3-AB0D-79C27B5CA35C}.Debug|Any CPU.Build.0 = Debug|Any CPU
		{DE146C92-11BC-40A3-AB0D-79C27B5CA35C}.Release|Any CPU.ActiveCfg = Release|Any CPU
		{DE146C92-11BC-40A3-AB0D-79C27B5CA35C}.Release|Any CPU.Build.0 = Release|Any CPU
		{1DFD0303-D4AC-42E5-A706-084CE3F668F7}.Debug|Any CPU.ActiveCfg = Debug|Any CPU
		{1DFD0303-D4AC-42E5-A706-084CE3F668F7}.Debug|Any CPU.Build.0 = Debug|Any CPU
		{1DFD0303-D4AC-42E5-A706-084CE3F668F7}.Release|Any CPU.ActiveCfg = Release|Any CPU
		{1DFD0303-D4AC-42E5-A706-084CE3F668F7}.Release|Any CPU.Build.0 = Release|Any CPU
		{4444114D-3B92-4919-8A4A-58DFB004F473}.Debug|Any CPU.ActiveCfg = Debug|Any CPU
		{4444114D-3B92-4919-8A4A-58DFB004F473}.Debug|Any CPU.Build.0 = Debug|Any CPU
		{4444114D-3B92-4919-8A4A-58DFB004F473}.Release|Any CPU.ActiveCfg = Release|Any CPU
		{4444114D-3B92-4919-8A4A-58DFB004F473}.Release|Any CPU.Build.0 = Release|Any CPU
	EndGlobalSection
	GlobalSection(SolutionProperties) = preSolution
		HideSolutionNode = FALSE
	EndGlobalSection
	GlobalSection(ExtensibilityGlobals) = postSolution
		SolutionGuid = {B0D21156-3538-4EC8-BE51-029C940B5D7A}
	EndGlobalSection
EndGlobal
